{
  "nodes": {
    "flakeNimbleLib": {
      "inputs": {
        "nixpkgs": [
          "nixpkgs"
        ]
      },
      "locked": {
        "lastModified": 1662018438,
        "narHash": "sha256-QtNtU6+LX3Wokxf0zlFwKTFOcn6TeDjKQZ+DA9OYtvM=",
        "owner": "riinr",
        "repo": "nim-flakes-lib",
        "rev": "b1fe8340736e3a85d25c709ac3dfd82a55c03cbf",
        "type": "github"
      },
      "original": {
        "owner": "riinr",
        "ref": "master",
        "repo": "nim-flakes-lib",
        "type": "github"
      }
    },
    "newfix-master": {
      "inputs": {
        "flakeNimbleLib": [
          "flakeNimbleLib"
        ],
        "nixpkgs": [
          "nixpkgs"
        ],
        "src-newfix-master": "src-newfix-master"
      },
      "locked": {
        "dir": "master",
        "lastModified": 1667322461,
        "narHash": "sha256-zdBKz6yTs/UxL30IcMY5JPl0pMfg6bS/xSq3FaovokM=",
        "owner": "nim-nix-pkgs",
        "repo": "newfix",
        "rev": "64661f60662640652adf186189b89a3f61b48ed4",
        "type": "github"
      },
      "original": {
        "dir": "master",
        "owner": "nim-nix-pkgs",
        "ref": "master",
        "repo": "newfix",
        "type": "github"
      }
    },
    "nixpkgs": {
      "locked": {
        "lastModified": 1667199707,
        "narHash": "sha256-I2Js3Y7gUyVSEXPULHlBoRek4Lh85vnevdS6mdvDNLI=",
        "owner": "NixOS",
        "repo": "nixpkgs",
        "rev": "ced197be72099edcfa68ebed8b87af7b04851f45",
        "type": "github"
      },
      "original": {
        "id": "nixpkgs",
        "type": "indirect"
      }
    },
    "root": {
      "inputs": {
        "flakeNimbleLib": "flakeNimbleLib",
        "newfix-master": "newfix-master",
        "nixpkgs": "nixpkgs"
      }
    },
    "src-newfix-master": {
      "flake": false,
      "locked": {
        "lastModified": 1618012776,
        "narHash": "sha256-lDg/SwvSKkOhegxtujhX7W+7cNtrpCoX6pBnM7cjsRY=",
        "owner": "inv2004",
        "repo": "newfix",
        "rev": "03bbdb1d1cf0037a366f23167d3723f66181f888",
        "type": "github"
      },
      "original": {
        "owner": "inv2004",
        "ref": "refs/heads/master",
        "repo": "newfix",
        "type": "github"
      }
    }
  },
  "root": "root",
  "version": 7
}
